
Microsoft Visual Studio Solution File, Format Version 12.00
# Visual Studio Version 16
VisualStudioVersion = 16.0.29613.14
MinimumVisualStudioVersion = 10.0.40219.1
Project("{FAE04EC0-301F-11D3-BF4B-00C04F79EFBC}") = "BuildingHealthMode", "BuildingHealthMode\BuildingHealthMode.csproj", "{5D7DF948-61BE-4F99-A3A9-6E820A84EEBA}"
EndProject
Global
	GlobalSection(SolutionConfigurationPlatforms) = preSolution
		Debug|Any CPU = Debug|Any CPU
		Release|Any CPU = Release|Any CPU
	EndGlobalSection
	GlobalSection(ProjectConfigurationPlatforms) = postSolution
		{5D7DF948-61BE-4F99-A3A9-6E820A84EEBA}.Debug|Any CPU.ActiveCfg = Debug|Any CPU
		{5D7DF948-61BE-4F99-A3A9-6E820A84EEBA}.Debug|Any CPU.Build.0 = Debug|Any CPU
		{5D7DF948-61BE-4F99-A3A9-6E820A84EEBA}.Release|Any CPU.ActiveCfg = Release|Any CPU
		{5D7DF948-61BE-4F99-A3A9-6E820A84EEBA}.Release|Any CPU.Build.0 = Release|Any CPU
	EndGlobalSection
	GlobalSection(SolutionProperties) = preSolution
		HideSolutionNode = FALSE
	EndGlobalSection
	GlobalSection(ExtensibilityGlobals) = postSolution
		SolutionGuid = {B2A6A45A-2881-4917-81CA-C5B13F2187BF}
	EndGlobalSection
EndGlobal
